{
  "name": "Kamel",
  "version": "1.0.9",
  "lockfileVersion": 3,
  "requires": true,
  "packages": {
    "": {
      "name": "Kamel",
      "version": "1.0.9",
      "workspaces": [
        "packages/Kamel-kamel-core",
        "packages/Kamel-kamel-core-test",
        "packages/Kamel-kamel-image",
        "packages/Kamel-kamel-image-test",
        "packages/Kamel-kamel-image-default",
        "packages/Kamel-kamel-image-default-test",
        "packages/Kamel-kamel-samples",
        "packages/Kamel-kamel-samples-test",
        "packages/Kamel-kamel-decoder-kamel-decoder-animated-image",
        "packages/Kamel-kamel-decoder-kamel-decoder-animated-image-test",
        "packages/Kamel-kamel-decoder-kamel-decoder-image-bitmap",
        "packages/Kamel-kamel-decoder-kamel-decoder-image-bitmap-test",
        "packages/Kamel-kamel-decoder-kamel-decoder-image-vector",
        "packages/Kamel-kamel-decoder-kamel-decoder-image-vector-test",
        "packages/Kamel-kamel-decoder-kamel-decoder-svg-std",
        "packages/Kamel-kamel-decoder-kamel-decoder-svg-std-test",
        "packages_imported/skiko-wasm-js/0.9.37-3",
        "packages_imported/skiko-js-wasm-runtime/0.9.37-3",
        "packages_imported/ktor-ktor-client-core/3.3.3",
        "packages_imported/Kotlin-DateTime-library-kotlinx-datetime-wasm-js/0.7.1-0.6.x-compat"
      ],
      "devDependencies": {}
    },
    "node_modules/@js-joda/core": {
      "version": "3.2.0",
      "resolved": "https://registry.npmjs.org/@js-joda/core/-/core-3.2.0.tgz",
      "integrity": "sha512-PMqgJ0sw5B7FKb2d5bWYIoxjri+QlW/Pys7+Rw82jSH0QN3rB05jZ/VrrsUdh1w4+i2kw9JOejXGq/KhDOX7Kg==",
      "license": "BSD-3-Clause"
    },
    "node_modules/Kamel-kamel-core": {
      "resolved": "packages/Kamel-kamel-core",
      "link": true
    },
    "node_modules/Kamel-kamel-core-test": {
      "resolved": "packages/Kamel-kamel-core-test",
      "link": true
    },
    "node_modules/Kamel-kamel-decoder-kamel-decoder-animated-image": {
      "resolved": "packages/Kamel-kamel-decoder-kamel-decoder-animated-image",
      "link": true
    },
    "node_modules/Kamel-kamel-decoder-kamel-decoder-animated-image-test": {
      "resolved": "packages/Kamel-kamel-decoder-kamel-decoder-animated-image-test",
      "link": true
    },
    "node_modules/Kamel-kamel-decoder-kamel-decoder-image-bitmap": {
      "resolved": "packages/Kamel-kamel-decoder-kamel-decoder-image-bitmap",
      "link": true
    },
    "node_modules/Kamel-kamel-decoder-kamel-decoder-image-bitmap-test": {
      "resolved": "packages/Kamel-kamel-decoder-kamel-decoder-image-bitmap-test",
      "link": true
    },
    "node_modules/Kamel-kamel-decoder-kamel-decoder-image-vector": {
      "resolved": "packages/Kamel-kamel-decoder-kamel-decoder-image-vector",
      "link": true
    },
    "node_modules/Kamel-kamel-decoder-kamel-decoder-image-vector-test": {
      "resolved": "packages/Kamel-kamel-decoder-kamel-decoder-image-vector-test",
      "link": true
    },
    "node_modules/Kamel-kamel-decoder-kamel-decoder-svg-std": {
      "resolved": "packages/Kamel-kamel-decoder-kamel-decoder-svg-std",
      "link": true
    },
    "node_modules/Kamel-kamel-decoder-kamel-decoder-svg-std-test": {
      "resolved": "packages/Kamel-kamel-decoder-kamel-decoder-svg-std-test",
      "link": true
    },
    "node_modules/Kamel-kamel-image": {
      "resolved": "packages/Kamel-kamel-image",
      "link": true
    },
    "node_modules/Kamel-kamel-image-default": {
      "resolved": "packages/Kamel-kamel-image-default",
      "link": true
    },
    "node_modules/Kamel-kamel-image-default-test": {
      "resolved": "packages/Kamel-kamel-image-default-test",
      "link": true
    },
    "node_modules/Kamel-kamel-image-test": {
      "resolved": "packages/Kamel-kamel-image-test",
      "link": true
    },
    "node_modules/Kamel-kamel-samples": {
      "resolved": "packages/Kamel-kamel-samples",
      "link": true
    },
    "node_modules/Kamel-kamel-samples-test": {
      "resolved": "packages/Kamel-kamel-samples-test",
      "link": true
    },
    "node_modules/Kotlin-DateTime-library-kotlinx-datetime-wasm-js": {
      "resolved": "packages_imported/Kotlin-DateTime-library-kotlinx-datetime-wasm-js/0.7.1-0.6.x-compat",
      "link": true
    },
    "node_modules/ktor-ktor-client-core": {
      "resolved": "packages_imported/ktor-ktor-client-core/3.3.3",
      "link": true
    },
    "node_modules/skiko-js-wasm-runtime": {
      "resolved": "packages_imported/skiko-js-wasm-runtime/0.9.37-3",
      "link": true
    },
    "node_modules/skiko-wasm-js": {
      "resolved": "packages_imported/skiko-wasm-js/0.9.37-3",
      "link": true
    },
    "node_modules/ws": {
      "version": "8.18.3",
      "resolved": "https://registry.npmjs.org/ws/-/ws-8.18.3.tgz",
      "integrity": "sha512-PEIGCY5tSlUt50cqyMXfCzX+oOPqN0vuGqWzbcJ2xvnkzkq46oOpz7dQaTDBdfICb4N14+GARUDw2XV2N4tvzg==",
      "license": "MIT",
      "engines": {
        "node": ">=10.0.0"
      },
      "peerDependencies": {
        "bufferutil": "^4.0.1",
        "utf-8-validate": ">=5.0.2"
      },
      "peerDependenciesMeta": {
        "bufferutil": {
          "optional": true
        },
        "utf-8-validate": {
          "optional": true
        }
      }
    },
    "packages_imported/Kotlin-DateTime-library-kotlinx-datetime-wasm-js/0.7.1-0.6.x-compat": {
      "name": "Kotlin-DateTime-library-kotlinx-datetime-wasm-js",
      "version": "0.7.1-0.6.x-compat",
      "dependencies": {
        "@js-joda/core": "3.2.0"
      },
      "devDependencies": {}
    },
    "packages_imported/ktor-ktor-client-core/3.3.3": {
      "name": "ktor-ktor-client-core",
      "version": "3.3.3",
      "dependencies": {
        "ws": "8.18.3"
      },
      "devDependencies": {}
    },
    "packages_imported/skiko-js-wasm-runtime/0.9.37-3": {
      "name": "skiko-js-wasm-runtime",
      "version": "0.9.37-3",
      "devDependencies": {}
    },
    "packages_imported/skiko-wasm-js/0.9.37-3": {
      "name": "skiko-wasm-js",
      "version": "0.9.37-3",
      "devDependencies": {}
    },
    "packages/Kamel-kamel-core": {
      "version": "1.0.9",
      "dependencies": {
        "ws": "8.18.3"
      },
      "devDependencies": {}
    },
    "packages/Kamel-kamel-core-test": {
      "version": "1.0.9",
      "dependencies": {
        "@js-joda/core": "3.2.0",
        "ws": "8.18.3"
      },
      "devDependencies": {}
    },
    "packages/Kamel-kamel-decoder-kamel-decoder-animated-image": {
      "version": "1.0.9",
      "dependencies": {
        "ws": "8.18.3"
      },
      "devDependencies": {}
    },
    "packages/Kamel-kamel-decoder-kamel-decoder-animated-image-test": {
      "version": "1.0.9",
      "dependencies": {
        "ws": "8.18.3"
      },
      "devDependencies": {}
    },
    "packages/Kamel-kamel-decoder-kamel-decoder-image-bitmap": {
      "version": "1.0.9",
      "dependencies": {
        "ws": "8.18.3"
      },
      "devDependencies": {}
    },
    "packages/Kamel-kamel-decoder-kamel-decoder-image-bitmap-test": {
      "version": "1.0.9",
      "dependencies": {
        "ws": "8.18.3"
      },
      "devDependencies": {}
    },
    "packages/Kamel-kamel-decoder-kamel-decoder-image-vector": {
      "version": "1.0.9",
      "dependencies": {
        "ws": "8.18.3"
      },
      "devDependencies": {}
    },
    "packages/Kamel-kamel-decoder-kamel-decoder-image-vector-test": {
      "version": "1.0.9",
      "dependencies": {
        "ws": "8.18.3"
      },
      "devDependencies": {}
    },
    "packages/Kamel-kamel-decoder-kamel-decoder-svg-std": {
      "version": "1.0.9",
      "dependencies": {
        "ws": "8.18.3"
      },
      "devDependencies": {}
    },
    "packages/Kamel-kamel-decoder-kamel-decoder-svg-std-test": {
      "version": "1.0.9",
      "dependencies": {
        "ws": "8.18.3"
      },
      "devDependencies": {}
    },
    "packages/Kamel-kamel-image": {
      "version": "1.0.9",
      "dependencies": {
        "ws": "8.18.3"
      },
      "devDependencies": {}
    },
    "packages/Kamel-kamel-image-default": {
      "version": "1.0.9",
      "dependencies": {
        "ws": "8.18.3"
      },
      "devDependencies": {}
    },
    "packages/Kamel-kamel-image-default-test": {
      "version": "1.0.9",
      "dependencies": {
        "ws": "8.18.3"
      },
      "devDependencies": {}
    },
    "packages/Kamel-kamel-image-test": {
      "version": "1.0.9",
      "dependencies": {
        "@js-joda/core": "3.2.0",
        "ws": "8.18.3"
      },
      "devDependencies": {}
    },
    "packages/Kamel-kamel-samples": {
      "version": "1.0.9",
      "dependencies": {
        "ws": "8.18.3"
      },
      "devDependencies": {}
    },
    "packages/Kamel-kamel-samples-test": {
      "version": "1.0.9",
      "dependencies": {
        "ws": "8.18.3"
      },
      "devDependencies": {}
    }
  }
}
