PODS:
  - kamel_samples (1.0.0-beta.6-SNAPSHOT)

DEPENDENCIES:
  - kamel_samples (from `../kamel-samples`)

EXTERNAL SOURCES:
  kamel_samples:
    :path: "../kamel-samples"

SPEC CHECKSUMS:
  kamel_samples: b9fcf06a834c6742ee9064cf5c5f5a3c40c7b3d4

PODFILE CHECKSUM: a278bceddd0e3759d316e6207cd9edefd5d4d855

COCOAPODS: 1.15.2
