PODS:
  - kamel_samples (1.0.0-beta.5)

DEPENDENCIES:
  - kamel_samples (from `../kamel-samples`)

EXTERNAL SOURCES:
  kamel_samples:
    :path: "../kamel-samples"

SPEC CHECKSUMS:
  kamel_samples: cbd95b0827e0fe55f5a94ae6e2a27d30b0bf0b5c

PODFILE CHECKSUM: a278bceddd0e3759d316e6207cd9edefd5d4d855

COCOAPODS: 1.15.2
