PODS:
  - kamel_samples (0.9.2)

DEPENDENCIES:
  - kamel_samples (from `../kamel-samples`)

EXTERNAL SOURCES:
  kamel_samples:
    :path: "../kamel-samples"

SPEC CHECKSUMS:
  kamel_samples: a026210977e82844827ea5045b4a1968a912299c

PODFILE CHECKSUM: a278bceddd0e3759d316e6207cd9edefd5d4d855

COCOAPODS: 1.12.1
